
Microsoft Visual Studio Solution File, Format Version 12.00
# Visual Studio 2012
Project("{FAE04EC0-301F-11D3-BF4B-00C04F79EFBC}") = "JoinMultipleMessages", "JoinMultipleMessages\JoinMultipleMessages.btproj", "{434C0F5F-2F68-44B7-AE65-EB3FCAB4CF28}"
EndProject
Global
	GlobalSection(SolutionConfigurationPlatforms) = preSolution
		Debug|Any CPU = Debug|Any CPU
		Release|Any CPU = Release|Any CPU
	EndGlobalSection
	GlobalSection(ProjectConfigurationPlatforms) = postSolution
		{434C0F5F-2F68-44B7-AE65-EB3FCAB4CF28}.Debug|Any CPU.ActiveCfg = Debug|Any CPU
		{434C0F5F-2F68-44B7-AE65-EB3FCAB4CF28}.Debug|Any CPU.Build.0 = Debug|Any CPU
		{434C0F5F-2F68-44B7-AE65-EB3FCAB4CF28}.Debug|Any CPU.Deploy.0 = Debug|Any CPU
		{434C0F5F-2F68-44B7-AE65-EB3FCAB4CF28}.Release|Any CPU.ActiveCfg = Release|Any CPU
		{434C0F5F-2F68-44B7-AE65-EB3FCAB4CF28}.Release|Any CPU.Build.0 = Release|Any CPU
		{434C0F5F-2F68-44B7-AE65-EB3FCAB4CF28}.Release|Any CPU.Deploy.0 = Release|Any CPU
	EndGlobalSection
	GlobalSection(SolutionProperties) = preSolution
		HideSolutionNode = FALSE
	EndGlobalSection
EndGlobal
