
Microsoft Visual Studio Solution File, Format Version 12.00
# Visual Studio Version 16
VisualStudioVersion = 16.0.30711.63
MinimumVisualStudioVersion = 10.0.40219.1
Project("{FAE04EC0-301F-11D3-BF4B-00C04F79EFBC}") = "POC.BizTalk.CountXMLNodesInsideOrchestrations", "POC.BizTalk.CountXMLNodesInsideOrchestrations\POC.BizTalk.CountXMLNodesInsideOrchestrations.btproj", "{208524D7-5703-41E5-A654-B2AE50AF34F2}"
EndProject
Global
	GlobalSection(SolutionConfigurationPlatforms) = preSolution
		Debug|Any CPU = Debug|Any CPU
		Release|Any CPU = Release|Any CPU
	EndGlobalSection
	GlobalSection(ProjectConfigurationPlatforms) = postSolution
		{208524D7-5703-41E5-A654-B2AE50AF34F2}.Debug|Any CPU.ActiveCfg = Debug|Any CPU
		{208524D7-5703-41E5-A654-B2AE50AF34F2}.Debug|Any CPU.Build.0 = Debug|Any CPU
		{208524D7-5703-41E5-A654-B2AE50AF34F2}.Debug|Any CPU.Deploy.0 = Debug|Any CPU
		{208524D7-5703-41E5-A654-B2AE50AF34F2}.Release|Any CPU.ActiveCfg = Release|Any CPU
		{208524D7-5703-41E5-A654-B2AE50AF34F2}.Release|Any CPU.Build.0 = Release|Any CPU
		{208524D7-5703-41E5-A654-B2AE50AF34F2}.Release|Any CPU.Deploy.0 = Release|Any CPU
	EndGlobalSection
	GlobalSection(SolutionProperties) = preSolution
		HideSolutionNode = FALSE
	EndGlobalSection
	GlobalSection(ExtensibilityGlobals) = postSolution
		SolutionGuid = {B7EB3B61-730D-4A5D-BC0F-FFBFCE62C4A7}
	EndGlobalSection
EndGlobal
