Microsoft Visual Studio Solution File, Format Version 11.00
# Visual Studio 2010
Project("{FAE04EC0-301F-11D3-BF4B-00C04F79EFBC}") = "SelectDistinctValues", "SelectDistinctValues\SelectDistinctValues.btproj", "{1A349C4F-6AFE-4C8D-BAC4-42C93724DE92}"
EndProject
Global
	GlobalSection(SolutionConfigurationPlatforms) = preSolution
		Deployment|Any CPU = Deployment|Any CPU
		Development|Any CPU = Development|Any CPU
	EndGlobalSection
	GlobalSection(ProjectConfigurationPlatforms) = postSolution
		{1A349C4F-6AFE-4C8D-BAC4-42C93724DE92}.Deployment|Any CPU.ActiveCfg = Deployment|Any CPU
		{1A349C4F-6AFE-4C8D-BAC4-42C93724DE92}.Deployment|Any CPU.Build.0 = Deployment|Any CPU
		{1A349C4F-6AFE-4C8D-BAC4-42C93724DE92}.Deployment|Any CPU.Deploy.0 = Deployment|Any CPU
		{1A349C4F-6AFE-4C8D-BAC4-42C93724DE92}.Development|Any CPU.ActiveCfg = Development|Any CPU
		{1A349C4F-6AFE-4C8D-BAC4-42C93724DE92}.Development|Any CPU.Build.0 = Development|Any CPU
	EndGlobalSection
	GlobalSection(SolutionProperties) = preSolution
		HideSolutionNode = FALSE
	EndGlobalSection
EndGlobal
