
Microsoft Visual Studio Solution File, Format Version 11.00
# Visual Studio 2010
Project("{FAE04EC0-301F-11D3-BF4B-00C04F79EFBC}") = "CallExternalOrchestrationCommonSolution", "CallExternalOrchestrationCommonSolution\CallExternalOrchestrationCommonSolution.btproj", "{974D4B10-7C75-4407-94B7-C19E716E7BAF}"
EndProject
Global
	GlobalSection(SolutionConfigurationPlatforms) = preSolution
		Debug|Any CPU = Debug|Any CPU
		Release|Any CPU = Release|Any CPU
	EndGlobalSection
	GlobalSection(ProjectConfigurationPlatforms) = postSolution
		{974D4B10-7C75-4407-94B7-C19E716E7BAF}.Debug|Any CPU.ActiveCfg = Debug|Any CPU
		{974D4B10-7C75-4407-94B7-C19E716E7BAF}.Debug|Any CPU.Build.0 = Debug|Any CPU
		{974D4B10-7C75-4407-94B7-C19E716E7BAF}.Debug|Any CPU.Deploy.0 = Debug|Any CPU
		{974D4B10-7C75-4407-94B7-C19E716E7BAF}.Release|Any CPU.ActiveCfg = Release|Any CPU
		{974D4B10-7C75-4407-94B7-C19E716E7BAF}.Release|Any CPU.Build.0 = Release|Any CPU
		{974D4B10-7C75-4407-94B7-C19E716E7BAF}.Release|Any CPU.Deploy.0 = Release|Any CPU
	EndGlobalSection
	GlobalSection(SolutionProperties) = preSolution
		HideSolutionNode = FALSE
	EndGlobalSection
EndGlobal
